{
  "name": "NeZha",
  "version": "1.0.0",
  "lockfileVersion": 1,
  "requires": true,
  "dependencies": {
    "@types/estree": {
      "version": "0.0.41",
      "resolved": "https://registry.npm.taobao.org/@types/estree/download/@types/estree-0.0.41.tgz",
      "integrity": "sha1-/ZB1QVC1dDK3K/VgUwUAWX/wRCE=",
      "dev": true
    },
    "@types/node": {
      "version": "13.1.4",
      "resolved": "https://registry.npm.taobao.org/@types/node/download/@types/node-13.1.4.tgz?cache=0&sync_timestamp=1578094665070&other_urls=https%3A%2F%2Fregistry.npm.taobao.org%2F%40types%2Fnode%2Fdownload%2F%40types%2Fnode-13.1.4.tgz",
      "integrity": "sha1-TP2QF1ogDumwK9axzRm8NJdBYH4=",
      "dev": true
    },
    "@types/resolve": {
      "version": "0.0.8",
      "resolved": "https://registry.npm.taobao.org/@types/resolve/download/@types/resolve-0.0.8.tgz",
      "integrity": "sha1-8mB00jjgJlnjI84aE9BB7uKA4ZQ=",
      "dev": true,
      "requires": {
        "@types/node": "*"
      }
    },
    "acorn": {
      "version": "7.1.0",
      "resolved": "https://registry.npm.taobao.org/acorn/download/acorn-7.1.0.tgz?cache=0&sync_timestamp=1574807785634&other_urls=https%3A%2F%2Fregistry.npm.taobao.org%2Facorn%2Fdownload%2Facorn-7.1.0.tgz",
      "integrity": "sha1-lJ028sKSU12mAig1hsJHfFfrLWw=",
      "dev": true
    },
    "builtin-modules": {
      "version": "3.1.0",
      "resolved": "https://registry.npm.taobao.org/builtin-modules/download/builtin-modules-3.1.0.tgz",
      "integrity": "sha1-qtl8FRMet2tltQ7yCOdYTNdqdIQ=",
      "dev": true
    },
    "commondir": {
      "version": "1.0.1",
      "resolved": "https://registry.npm.taobao.org/commondir/download/commondir-1.0.1.tgz",
      "integrity": "sha1-3dgA2gxmEnOTzKWVDqloo6rxJTs=",
      "dev": true
    },
    "estree-walker": {
      "version": "0.6.1",
      "resolved": "https://registry.npm.taobao.org/estree-walker/download/estree-walker-0.6.1.tgz",
      "integrity": "sha1-UwSRQ/QMbrkYsjZx0f4yGfOhs2I=",
      "dev": true
    },
    "find-cache-dir": {
      "version": "3.2.0",
      "resolved": "https://registry.npm.taobao.org/find-cache-dir/download/find-cache-dir-3.2.0.tgz",
      "integrity": "sha1-5/5EwavBKZ9RYUblYxCP0QBsGHQ=",
      "dev": true,
      "requires": {
        "commondir": "^1.0.1",
        "make-dir": "^3.0.0",
        "pkg-dir": "^4.1.0"
      }
    },
    "find-up": {
      "version": "4.1.0",
      "resolved": "https://registry.npm.taobao.org/find-up/download/find-up-4.1.0.tgz",
      "integrity": "sha1-l6/n1s3AvFkoWEt8jXsW6KmqXRk=",
      "dev": true,
      "requires": {
        "locate-path": "^5.0.0",
        "path-exists": "^4.0.0"
      }
    },
    "fs-extra": {
      "version": "8.1.0",
      "resolved": "https://registry.npm.taobao.org/fs-extra/download/fs-extra-8.1.0.tgz",
      "integrity": "sha1-SdQ8RaiM2Wd2aMt74bRu/bjS4cA=",
      "dev": true,
      "requires": {
        "graceful-fs": "^4.2.0",
        "jsonfile": "^4.0.0",
        "universalify": "^0.1.0"
      }
    },
    "graceful-fs": {
      "version": "4.2.3",
      "resolved": "https://registry.npm.taobao.org/graceful-fs/download/graceful-fs-4.2.3.tgz",
      "integrity": "sha1-ShL/G2A3bvCYYsIJPt2Qgyi+hCM=",
      "dev": true
    },
    "is-module": {
      "version": "1.0.0",
      "resolved": "https://registry.npm.taobao.org/is-module/download/is-module-1.0.0.tgz",
      "integrity": "sha1-Mlj7afeMFNW4FdZkM2tM/7ZEFZE=",
      "dev": true
    },
    "jsonfile": {
      "version": "4.0.0",
      "resolved": "https://registry.npm.taobao.org/jsonfile/download/jsonfile-4.0.0.tgz",
      "integrity": "sha1-h3Gq4HmbZAdrdmQPygWPnBDjPss=",
      "dev": true,
      "requires": {
        "graceful-fs": "^4.1.6"
      }
    },
    "locate-path": {
      "version": "5.0.0",
      "resolved": "https://registry.npm.taobao.org/locate-path/download/locate-path-5.0.0.tgz",
      "integrity": "sha1-Gvujlq/WdqbUJQTQpno6frn2KqA=",
      "dev": true,
      "requires": {
        "p-locate": "^4.1.0"
      }
    },
    "make-dir": {
      "version": "3.0.0",
      "resolved": "https://registry.npm.taobao.org/make-dir/download/make-dir-3.0.0.tgz",
      "integrity": "sha1-G1859rknDtM/nwVMXA+EMEmJ+AE=",
      "dev": true,
      "requires": {
        "semver": "^6.0.0"
      }
    },
    "p-limit": {
      "version": "2.2.2",
      "resolved": "https://registry.npm.taobao.org/p-limit/download/p-limit-2.2.2.tgz",
      "integrity": "sha1-YSebZ3IfUoeqHBOpp/u8SMkpGx4=",
      "dev": true,
      "requires": {
        "p-try": "^2.0.0"
      }
    },
    "p-locate": {
      "version": "4.1.0",
      "resolved": "https://registry.npm.taobao.org/p-locate/download/p-locate-4.1.0.tgz",
      "integrity": "sha1-o0KLtwiLOmApL2aRkni3wpetTwc=",
      "dev": true,
      "requires": {
        "p-limit": "^2.2.0"
      }
    },
    "p-try": {
      "version": "2.2.0",
      "resolved": "https://registry.npm.taobao.org/p-try/download/p-try-2.2.0.tgz",
      "integrity": "sha1-yyhoVA4xPWHeWPr741zpAE1VQOY=",
      "dev": true
    },
    "path-exists": {
      "version": "4.0.0",
      "resolved": "https://registry.npm.taobao.org/path-exists/download/path-exists-4.0.0.tgz",
      "integrity": "sha1-UTvb4tO5XXdi6METfvoZXGxhtbM=",
      "dev": true
    },
    "path-parse": {
      "version": "1.0.6",
      "resolved": "https://registry.npm.taobao.org/path-parse/download/path-parse-1.0.6.tgz",
      "integrity": "sha1-1i27VnlAXXLEc37FhgDp3c8G0kw=",
      "dev": true
    },
    "pkg-dir": {
      "version": "4.2.0",
      "resolved": "https://registry.npm.taobao.org/pkg-dir/download/pkg-dir-4.2.0.tgz",
      "integrity": "sha1-8JkTPfft5CLoHR2ESCcO6z5CYfM=",
      "dev": true,
      "requires": {
        "find-up": "^4.0.0"
      }
    },
    "resolve": {
      "version": "1.12.0",
      "resolved": "https://registry.npm.taobao.org/resolve/download/resolve-1.12.0.tgz",
      "integrity": "sha1-P8ZEo1yEpIVUYJ/ybsUrZvpXffY=",
      "dev": true,
      "requires": {
        "path-parse": "^1.0.6"
      }
    },
    "rollup": {
      "version": "1.27.14",
      "resolved": "https://registry.npm.taobao.org/rollup/download/rollup-1.27.14.tgz?cache=0&sync_timestamp=1577029482722&other_urls=https%3A%2F%2Fregistry.npm.taobao.org%2Frollup%2Fdownload%2Frollup-1.27.14.tgz",
      "integrity": "sha1-lAcY1e7Bpoh+OZqgCJlEuuXE83c=",
      "dev": true,
      "requires": {
        "@types/estree": "*",
        "@types/node": "*",
        "acorn": "^7.1.0"
      }
    },
    "rollup-plugin-node-resolve": {
      "version": "5.2.0",
      "resolved": "https://registry.npm.taobao.org/rollup-plugin-node-resolve/download/rollup-plugin-node-resolve-5.2.0.tgz",
      "integrity": "sha1-cw+T0Q7SAkc7H7VKWZen24xthSM=",
      "dev": true,
      "requires": {
        "@types/resolve": "0.0.8",
        "builtin-modules": "^3.1.0",
        "is-module": "^1.0.0",
        "resolve": "^1.11.1",
        "rollup-pluginutils": "^2.8.1"
      }
    },
    "rollup-plugin-typescript2": {
      "version": "0.25.3",
      "resolved": "https://registry.npm.taobao.org/rollup-plugin-typescript2/download/rollup-plugin-typescript2-0.25.3.tgz?cache=0&sync_timestamp=1575423340550&other_urls=https%3A%2F%2Fregistry.npm.taobao.org%2Frollup-plugin-typescript2%2Fdownload%2Frollup-plugin-typescript2-0.25.3.tgz",
      "integrity": "sha1-pfsvD4VIh4kzTOVAq+bHARy99A8=",
      "dev": true,
      "requires": {
        "find-cache-dir": "^3.0.0",
        "fs-extra": "8.1.0",
        "resolve": "1.12.0",
        "rollup-pluginutils": "2.8.1",
        "tslib": "1.10.0"
      }
    },
    "rollup-pluginutils": {
      "version": "2.8.1",
      "resolved": "https://registry.npm.taobao.org/rollup-pluginutils/download/rollup-pluginutils-2.8.1.tgz",
      "integrity": "sha1-j6bdBpc0STjvJsLAnSSIzp4zzpc=",
      "dev": true,
      "requires": {
        "estree-walker": "^0.6.1"
      }
    },
    "semver": {
      "version": "6.3.0",
      "resolved": "https://registry.npm.taobao.org/semver/download/semver-6.3.0.tgz",
      "integrity": "sha1-7gpkyK9ejO6mdoexM3YeG+y9HT0=",
      "dev": true
    },
    "tslib": {
      "version": "1.10.0",
      "resolved": "https://registry.npm.taobao.org/tslib/download/tslib-1.10.0.tgz",
      "integrity": "sha1-w8GflZc/sKYpc/sJ2Q2WHuQ+XIo=",
      "dev": true
    },
    "typescript": {
      "version": "3.7.4",
      "resolved": "https://registry.npm.taobao.org/typescript/download/typescript-3.7.4.tgz?cache=0&other_urls=https%3A%2F%2Fregistry.npm.taobao.org%2Ftypescript%2Fdownload%2Ftypescript-3.7.4.tgz",
      "integrity": "sha1-F0Ol7F/vah+p8+RwjjPIHHOHbBk=",
      "dev": true
    },
    "universalify": {
      "version": "0.1.2",
      "resolved": "https://registry.npm.taobao.org/universalify/download/universalify-0.1.2.tgz",
      "integrity": "sha1-tkb2m+OULavOzJ1mOcgNwQXvqmY=",
      "dev": true
    }
  }
}
