{
	"name": "@shymean/nezha-router",
	"version": "1.0.19",
	"lockfileVersion": 1,
	"requires": true,
	"dependencies": {
		"@shymean/nezha": {
			"version": "1.0.18",
			"resolved": "https://registry.npmjs.org/@shymean/nezha/-/nezha-1.0.18.tgz",
			"integrity": "sha512-IWESXa8tfl1OknLLOZbKLulcwGUdZY5sHhoNzQehkoi6mtcMQHsDfEPVmfdWhllaHf0ItS4MYytSRazDfCNjGw=="
		},
		"path-to-regexp": {
			"version": "6.1.0",
			"resolved": "http://localhost:4873/path-to-regexp/-/path-to-regexp-6.1.0.tgz",
			"integrity": "sha1-Cxj4i3oM4L+uaiWZDJCauG9RJCc="
		}
	}
}
